
Microsoft Visual Studio Solution File, Format Version 12.00
# Visual Studio 15
VisualStudioVersion = 15.0.28307.1082
MinimumVisualStudioVersion = 10.0.40219.1
Project("{FAE04EC0-301F-11D3-BF4B-00C04F79EFBC}") = "DJB.Android", "DJB\DJB.Android\DJB.Android.csproj", "{24CE3C36-16B9-426D-AA0C-5961ECF8D88C}"
EndProject
Project("{FAE04EC0-301F-11D3-BF4B-00C04F79EFBC}") = "DJB.UWP", "DJB\DJB.UWP\DJB.UWP.csproj", "{7A52FCE8-0851-4FED-925D-50ECFA6ADA2E}"
EndProject
Project("{FAE04EC0-301F-11D3-BF4B-00C04F79EFBC}") = "DJB", "DJB\DJB\DJB.csproj", "{1A632993-74DC-4F42-B5D4-61DD472A2223}"
EndProject
Global
	GlobalSection(SolutionConfigurationPlatforms) = preSolution
		Debug|Any CPU = Debug|Any CPU
		Debug|ARM = Debug|ARM
		Debug|x64 = Debug|x64
		Debug|x86 = Debug|x86
		Release|Any CPU = Release|Any CPU
		Release|ARM = Release|ARM
		Release|x64 = Release|x64
		Release|x86 = Release|x86
	EndGlobalSection
	GlobalSection(ProjectConfigurationPlatforms) = postSolution
		{24CE3C36-16B9-426D-AA0C-5961ECF8D88C}.Debug|Any CPU.ActiveCfg = Debug|Any CPU
		{24CE3C36-16B9-426D-AA0C-5961ECF8D88C}.Debug|Any CPU.Build.0 = Debug|Any CPU
		{24CE3C36-16B9-426D-AA0C-5961ECF8D88C}.Debug|Any CPU.Deploy.0 = Debug|Any CPU
		{24CE3C36-16B9-426D-AA0C-5961ECF8D88C}.Debug|ARM.ActiveCfg = Debug|Any CPU
		{24CE3C36-16B9-426D-AA0C-5961ECF8D88C}.Debug|ARM.Build.0 = Debug|Any CPU
		{24CE3C36-16B9-426D-AA0C-5961ECF8D88C}.Debug|ARM.Deploy.0 = Debug|Any CPU
		{24CE3C36-16B9-426D-AA0C-5961ECF8D88C}.Debug|x64.ActiveCfg = Debug|Any CPU
		{24CE3C36-16B9-426D-AA0C-5961ECF8D88C}.Debug|x64.Build.0 = Debug|Any CPU
		{24CE3C36-16B9-426D-AA0C-5961ECF8D88C}.Debug|x64.Deploy.0 = Debug|Any CPU
		{24CE3C36-16B9-426D-AA0C-5961ECF8D88C}.Debug|x86.ActiveCfg = Debug|Any CPU
		{24CE3C36-16B9-426D-AA0C-5961ECF8D88C}.Debug|x86.Build.0 = Debug|Any CPU
		{24CE3C36-16B9-426D-AA0C-5961ECF8D88C}.Debug|x86.Deploy.0 = Debug|Any CPU
		{24CE3C36-16B9-426D-AA0C-5961ECF8D88C}.Release|Any CPU.ActiveCfg = Release|Any CPU
		{24CE3C36-16B9-426D-AA0C-5961ECF8D88C}.Release|Any CPU.Build.0 = Release|Any CPU
		{24CE3C36-16B9-426D-AA0C-5961ECF8D88C}.Release|Any CPU.Deploy.0 = Release|Any CPU
		{24CE3C36-16B9-426D-AA0C-5961ECF8D88C}.Release|ARM.ActiveCfg = Release|Any CPU
		{24CE3C36-16B9-426D-AA0C-5961ECF8D88C}.Release|ARM.Build.0 = Release|Any CPU
		{24CE3C36-16B9-426D-AA0C-5961ECF8D88C}.Release|ARM.Deploy.0 = Release|Any CPU
		{24CE3C36-16B9-426D-AA0C-5961ECF8D88C}.Release|x64.ActiveCfg = Release|Any CPU
		{24CE3C36-16B9-426D-AA0C-5961ECF8D88C}.Release|x64.Build.0 = Release|Any CPU
		{24CE3C36-16B9-426D-AA0C-5961ECF8D88C}.Release|x64.Deploy.0 = Release|Any CPU
		{24CE3C36-16B9-426D-AA0C-5961ECF8D88C}.Release|x86.ActiveCfg = Release|Any CPU
		{24CE3C36-16B9-426D-AA0C-5961ECF8D88C}.Release|x86.Build.0 = Release|Any CPU
		{24CE3C36-16B9-426D-AA0C-5961ECF8D88C}.Release|x86.Deploy.0 = Release|Any CPU
		{7A52FCE8-0851-4FED-925D-50ECFA6ADA2E}.Debug|Any CPU.ActiveCfg = Debug|x86
		{7A52FCE8-0851-4FED-925D-50ECFA6ADA2E}.Debug|Any CPU.Build.0 = Debug|x86
		{7A52FCE8-0851-4FED-925D-50ECFA6ADA2E}.Debug|Any CPU.Deploy.0 = Debug|x86
		{7A52FCE8-0851-4FED-925D-50ECFA6ADA2E}.Debug|ARM.ActiveCfg = Debug|ARM
		{7A52FCE8-0851-4FED-925D-50ECFA6ADA2E}.Debug|ARM.Build.0 = Debug|ARM
		{7A52FCE8-0851-4FED-925D-50ECFA6ADA2E}.Debug|ARM.Deploy.0 = Debug|ARM
		{7A52FCE8-0851-4FED-925D-50ECFA6ADA2E}.Debug|x64.ActiveCfg = Debug|x64
		{7A52FCE8-0851-4FED-925D-50ECFA6ADA2E}.Debug|x64.Build.0 = Debug|x64
		{7A52FCE8-0851-4FED-925D-50ECFA6ADA2E}.Debug|x64.Deploy.0 = Debug|x64
		{7A52FCE8-0851-4FED-925D-50ECFA6ADA2E}.Debug|x86.ActiveCfg = Debug|x86
		{7A52FCE8-0851-4FED-925D-50ECFA6ADA2E}.Debug|x86.Build.0 = Debug|x86
		{7A52FCE8-0851-4FED-925D-50ECFA6ADA2E}.Debug|x86.Deploy.0 = Debug|x86
		{7A52FCE8-0851-4FED-925D-50ECFA6ADA2E}.Release|Any CPU.ActiveCfg = Release|x86
		{7A52FCE8-0851-4FED-925D-50ECFA6ADA2E}.Release|Any CPU.Build.0 = Release|x86
		{7A52FCE8-0851-4FED-925D-50ECFA6ADA2E}.Release|Any CPU.Deploy.0 = Release|x86
		{7A52FCE8-0851-4FED-925D-50ECFA6ADA2E}.Release|ARM.ActiveCfg = Release|ARM
		{7A52FCE8-0851-4FED-925D-50ECFA6ADA2E}.Release|ARM.Build.0 = Release|ARM
		{7A52FCE8-0851-4FED-925D-50ECFA6ADA2E}.Release|ARM.Deploy.0 = Release|ARM
		{7A52FCE8-0851-4FED-925D-50ECFA6ADA2E}.Release|x64.ActiveCfg = Release|x64
		{7A52FCE8-0851-4FED-925D-50ECFA6ADA2E}.Release|x64.Build.0 = Release|x64
		{7A52FCE8-0851-4FED-925D-50ECFA6ADA2E}.Release|x64.Deploy.0 = Release|x64
		{7A52FCE8-0851-4FED-925D-50ECFA6ADA2E}.Release|x86.ActiveCfg = Release|x86
		{7A52FCE8-0851-4FED-925D-50ECFA6ADA2E}.Release|x86.Build.0 = Release|x86
		{7A52FCE8-0851-4FED-925D-50ECFA6ADA2E}.Release|x86.Deploy.0 = Release|x86
		{1A632993-74DC-4F42-B5D4-61DD472A2223}.Debug|Any CPU.ActiveCfg = Debug|Any CPU
		{1A632993-74DC-4F42-B5D4-61DD472A2223}.Debug|Any CPU.Build.0 = Debug|Any CPU
		{1A632993-74DC-4F42-B5D4-61DD472A2223}.Debug|Any CPU.Deploy.0 = Debug|Any CPU
		{1A632993-74DC-4F42-B5D4-61DD472A2223}.Debug|ARM.ActiveCfg = Debug|Any CPU
		{1A632993-74DC-4F42-B5D4-61DD472A2223}.Debug|ARM.Build.0 = Debug|Any CPU
		{1A632993-74DC-4F42-B5D4-61DD472A2223}.Debug|ARM.Deploy.0 = Debug|Any CPU
		{1A632993-74DC-4F42-B5D4-61DD472A2223}.Debug|x64.ActiveCfg = Debug|Any CPU
		{1A632993-74DC-4F42-B5D4-61DD472A2223}.Debug|x64.Build.0 = Debug|Any CPU
		{1A632993-74DC-4F42-B5D4-61DD472A2223}.Debug|x64.Deploy.0 = Debug|Any CPU
		{1A632993-74DC-4F42-B5D4-61DD472A2223}.Debug|x86.ActiveCfg = Debug|Any CPU
		{1A632993-74DC-4F42-B5D4-61DD472A2223}.Debug|x86.Build.0 = Debug|Any CPU
		{1A632993-74DC-4F42-B5D4-61DD472A2223}.Debug|x86.Deploy.0 = Debug|Any CPU
		{1A632993-74DC-4F42-B5D4-61DD472A2223}.Release|Any CPU.ActiveCfg = Release|Any CPU
		{1A632993-74DC-4F42-B5D4-61DD472A2223}.Release|Any CPU.Build.0 = Release|Any CPU
		{1A632993-74DC-4F42-B5D4-61DD472A2223}.Release|Any CPU.Deploy.0 = Release|Any CPU
		{1A632993-74DC-4F42-B5D4-61DD472A2223}.Release|ARM.ActiveCfg = Release|Any CPU
		{1A632993-74DC-4F42-B5D4-61DD472A2223}.Release|ARM.Build.0 = Release|Any CPU
		{1A632993-74DC-4F42-B5D4-61DD472A2223}.Release|ARM.Deploy.0 = Release|Any CPU
		{1A632993-74DC-4F42-B5D4-61DD472A2223}.Release|x64.ActiveCfg = Release|Any CPU
		{1A632993-74DC-4F42-B5D4-61DD472A2223}.Release|x64.Build.0 = Release|Any CPU
		{1A632993-74DC-4F42-B5D4-61DD472A2223}.Release|x64.Deploy.0 = Release|Any CPU
		{1A632993-74DC-4F42-B5D4-61DD472A2223}.Release|x86.ActiveCfg = Release|Any CPU
		{1A632993-74DC-4F42-B5D4-61DD472A2223}.Release|x86.Build.0 = Release|Any CPU
		{1A632993-74DC-4F42-B5D4-61DD472A2223}.Release|x86.Deploy.0 = Release|Any CPU
	EndGlobalSection
	GlobalSection(SolutionProperties) = preSolution
		HideSolutionNode = FALSE
	EndGlobalSection
	GlobalSection(ExtensibilityGlobals) = postSolution
		SolutionGuid = {1BB5EBBA-FFDB-496E-A4E4-253968084326}
	EndGlobalSection
EndGlobal
